{
  "name": "dashjs-5090-normalization-audit",
  "lockfileVersion": 3,
  "requires": true,
  "packages": {
    "": {
      "name": "dashjs-5090-normalization-audit",
      "dependencies": {
        "bcp-47": "2.1.0",
        "bcp-47-match": "2.0.3",
        "bcp-47-normalize": "2.3.0",
        "is-alphabetical": "2.0.1",
        "is-alphanumerical": "2.0.1",
        "is-decimal": "2.0.1"
      }
    },
    "node_modules/bcp-47": {
      "version": "2.1.0",
      "resolved": "https://registry.npmjs.org/bcp-47/-/bcp-47-2.1.0.tgz",
      "integrity": "sha512-9IIS3UPrvIa1Ej+lVDdDwO7zLehjqsaByECw0bu2RRGP73jALm6FYbzI5gWbgHLvNdkvfXB5YrSbocZdOS0c0w==",
      "license": "MIT",
      "dependencies": {
        "is-alphabetical": "^2.0.0",
        "is-alphanumerical": "^2.0.0",
        "is-decimal": "^2.0.0"
      },
      "funding": {
        "type": "github",
        "url": "https://github.com/sponsors/wooorm"
      }
    },
    "node_modules/bcp-47-match": {
      "version": "2.0.3",
      "resolved": "https://registry.npmjs.org/bcp-47-match/-/bcp-47-match-2.0.3.tgz",
      "integrity": "sha512-JtTezzbAibu8G0R9op9zb3vcWZd9JF6M0xOYGPn0fNCd7wOpRB1mU2mH9T8gaBGbAAyIIVgB2G7xG0GP98zMAQ==",
      "license": "MIT",
      "funding": {
        "type": "github",
        "url": "https://github.com/sponsors/wooorm"
      }
    },
    "node_modules/bcp-47-normalize": {
      "version": "2.3.0",
      "resolved": "https://registry.npmjs.org/bcp-47-normalize/-/bcp-47-normalize-2.3.0.tgz",
      "integrity": "sha512-8I/wfzqQvttUFz7HVJgIZ7+dj3vUaIyIxYXaTRP1YWoSDfzt6TUmxaKZeuXR62qBmYr+nvuWINFRl6pZ5DlN4Q==",
      "license": "MIT",
      "dependencies": {
        "bcp-47": "^2.0.0",
        "bcp-47-match": "^2.0.0"
      },
      "funding": {
        "type": "github",
        "url": "https://github.com/sponsors/wooorm"
      }
    },
    "node_modules/is-alphabetical": {
      "version": "2.0.1",
      "resolved": "https://registry.npmjs.org/is-alphabetical/-/is-alphabetical-2.0.1.tgz",
      "integrity": "sha512-FWyyY60MeTNyeSRpkM2Iry0G9hpr7/9kD40mD/cGQEuilcZYS4okz8SN2Q6rLCJ8gbCt6fN+rC+6tMGS99LaxQ==",
      "license": "MIT",
      "funding": {
        "type": "github",
        "url": "https://github.com/sponsors/wooorm"
      }
    },
    "node_modules/is-alphanumerical": {
      "version": "2.0.1",
      "resolved": "https://registry.npmjs.org/is-alphanumerical/-/is-alphanumerical-2.0.1.tgz",
      "integrity": "sha512-hmbYhX/9MUMF5uh7tOXyK/n0ZvWpad5caBA17GsC6vyuCqaWliRG5K1qS9inmUhEMaOBIW7/whAnSwveW/LtZw==",
      "license": "MIT",
      "dependencies": {
        "is-alphabetical": "^2.0.0",
        "is-decimal": "^2.0.0"
      },
      "funding": {
        "type": "github",
        "url": "https://github.com/sponsors/wooorm"
      }
    },
    "node_modules/is-decimal": {
      "version": "2.0.1",
      "resolved": "https://registry.npmjs.org/is-decimal/-/is-decimal-2.0.1.tgz",
      "integrity": "sha512-AAB9hiomQs5DXWcRB1rqsxGUstbRroFOPPVAomNk/3XHR5JyEZChOyTWe2oayKnsSsr/kcGqF+z6yuH6HHpN0A==",
      "license": "MIT",
      "funding": {
        "type": "github",
        "url": "https://github.com/sponsors/wooorm"
      }
    }
  }
}
